# Generated by buf. DO NOT EDIT.
version: v1
deps:
  - remote: buf.build
    owner: cosmos
    repository: cosmos-proto
    commit: 1935555c206d4afb9e94615dfd0fad31
    digest: shake256:c74d91a3ac7ae07d579e90eee33abf9b29664047ac8816500cf22c081fec0d72d62c89ce0bebafc1f6fec7aa5315be72606717740ca95007248425102c365377
  - remote: buf.build
    owner: cosmos
    repository: cosmos-sdk
    commit: f384ef1fd55a41d8b34331f77d2077eb
    digest: shake256:993bf19541da644f3e9ff926d035e0ba75c81c8a3a7f403f48ae34dfeac728e106c39833d329a0e5af4d0b9664287f2539a10940d118dc82fe0dc8189992741f
  - remote: buf.build
    owner: cosmos
    repository: gogo-proto
    commit: 34d970b699f84aa382f3c29773a60836
    digest: shake256:3d3bee5229ba579e7d19ffe6e140986a228b48a8c7fe74348f308537ab95e9135210e81812489d42cd8941d33ff71f11583174ccc5972e86e6112924b6ce9f04
  - remote: buf.build
    owner: cosmos
    repository: ibc
    commit: a2fc77032ad94d16b6b170bbb273f7a4
    digest: shake256:197efa0bbbe6f3047bd993d854f1b96fa78923927de6fb5837fb89c425af805762b3496d4b3d8252641ed8c926b022ac0e65198df5c34981fbf131d04d38db95
  - remote: buf.build
    owner: cosmos
    repository: ics23
    commit: 55085f7c710a45f58fa09947208eb70b
    digest: shake256:9bf0bc495b5a11c88d163d39ef521bc4b00bc1374a05758c91d82821bdc61f09e8c2c51dda8452529bf80137f34d852561eacbe9550a59015d51cecb0dacb628
  - remote: buf.build
    owner: googleapis
    repository: googleapis
    commit: 5ae7f88519b04fe1965da0f8a375a088
    digest: shake256:27d9fcdc0e3eb957449dc3d17e2d24c7ce59c3c483ecf128818183c336dfd28595ecd13771fb3172247775caf7707c4076dd8e70c5ac2cbcac170df35e4d0028
