# Generated by buf. DO NOT EDIT.
version: v2
deps:
  - name: buf.build/cosmos/cosmos-proto
    commit: 1935555c206d4afb9e94615dfd0fad31
    digest: b5:0a29584117fe6433fa593d03fbda6b3964ddc59b986cd2277833ee01d4ac215a14b0286241462cd0dee6b460a108823dff5c7c42c9c1f4f7df861fcfa4bbebdf
  - name: buf.build/cosmos/cosmos-sdk
    commit: e7a85cef453e4b999ad9aff8714ae05f
    digest: b5:78173376f272d38369c9e503118643f068b44a4f48c268a4a4e7af5a35807364ba52397ff5ed72e1ce18042df0d7cd757e7f862d429ccb844bd8bd7f8d0ab72b
  - name: buf.build/cosmos/gogo-proto
    commit: 34d970b699f84aa382f3c29773a60836
    digest: b5:15d77a039fd9ab81ffb28ce9601eeb687840474dd11cf645341d50c1bba7f70b01acdf0e9781d09d42d0e4bcb720eac96451827b6cf24146e2a6b2bb3d65a96c
  - name: buf.build/cosmos/ibc
    commit: 7ab44ae956a0488ea04e04511efa5f70
    digest: b5:17407a9bf53b990c5d362bc9bd357931aeb8516c1393b1de79823e09bcecc3c8217e0546d5be897599da6a60499bdda1bcf950eca6c4bad4209b98c937e725f1
  - name: buf.build/cosmos/ics23
    commit: 55085f7c710a45f58fa09947208eb70b
    digest: b5:ab3cb4080c6974b1dd378d3e5602ae86ab7396dff1f4f25c5298c9827519ef0329e4be0e4f5f2d8cf61b1925f0c627cdfcf64955414c453036be05cab56994f0
  - name: buf.build/googleapis/googleapis
    commit: 75b4300737fb4efca0831636be94e517
    digest: b5:d227a018d00bd477f62a1b3f394c87c142f7429b8bf046f7d5e6a1bb3d0e5293a96491d50825983683c295f038cdace614d258a083baa5f766985c9e618c5d2a
